
Microsoft Visual Studio Solution File, Format Version 12.00
# Visual Studio Version 17
VisualStudioVersion = 17.8.34511.84
MinimumVisualStudioVersion = 10.0.40219.1
Project("{FAE04EC0-301F-11D3-BF4B-00C04F79EFBC}") = "Entities", "Entities\Entities.csproj", "{D3EF1764-9DB3-41DE-B9C9-5E092C57E971}"
EndProject
Project("{FAE04EC0-301F-11D3-BF4B-00C04F79EFBC}") = "DAL", "DAL\DAL.csproj", "{54F453B2-1DC3-40A9-A097-8263570B3FFF}"
EndProject
Project("{FAE04EC0-301F-11D3-BF4B-00C04F79EFBC}") = "BackEnd", "BackEnd\BackEnd.csproj", "{6C8F8BF5-A3A8-41BF-9DC8-02E131CAE831}"
EndProject
Global
	GlobalSection(SolutionConfigurationPlatforms) = preSolution
		Debug|Any CPU = Debug|Any CPU
		Release|Any CPU = Release|Any CPU
	EndGlobalSection
	GlobalSection(ProjectConfigurationPlatforms) = postSolution
		{D3EF1764-9DB3-41DE-B9C9-5E092C57E971}.Debug|Any CPU.ActiveCfg = Debug|Any CPU
		{D3EF1764-9DB3-41DE-B9C9-5E092C57E971}.Debug|Any CPU.Build.0 = Debug|Any CPU
		{D3EF1764-9DB3-41DE-B9C9-5E092C57E971}.Release|Any CPU.ActiveCfg = Release|Any CPU
		{D3EF1764-9DB3-41DE-B9C9-5E092C57E971}.Release|Any CPU.Build.0 = Release|Any CPU
		{54F453B2-1DC3-40A9-A097-8263570B3FFF}.Debug|Any CPU.ActiveCfg = Debug|Any CPU
		{54F453B2-1DC3-40A9-A097-8263570B3FFF}.Debug|Any CPU.Build.0 = Debug|Any CPU
		{54F453B2-1DC3-40A9-A097-8263570B3FFF}.Release|Any CPU.ActiveCfg = Release|Any CPU
		{54F453B2-1DC3-40A9-A097-8263570B3FFF}.Release|Any CPU.Build.0 = Release|Any CPU
		{6C8F8BF5-A3A8-41BF-9DC8-02E131CAE831}.Debug|Any CPU.ActiveCfg = Debug|Any CPU
		{6C8F8BF5-A3A8-41BF-9DC8-02E131CAE831}.Debug|Any CPU.Build.0 = Debug|Any CPU
		{6C8F8BF5-A3A8-41BF-9DC8-02E131CAE831}.Release|Any CPU.ActiveCfg = Release|Any CPU
		{6C8F8BF5-A3A8-41BF-9DC8-02E131CAE831}.Release|Any CPU.Build.0 = Release|Any CPU
	EndGlobalSection
	GlobalSection(SolutionProperties) = preSolution
		HideSolutionNode = FALSE
	EndGlobalSection
	GlobalSection(ExtensibilityGlobals) = postSolution
		SolutionGuid = {ACC419CF-EA23-4D3C-98C3-E69CEA2AE53F}
	EndGlobalSection
EndGlobal
